// !$*UTF8*$!
{
	archiveVersion = 1;
	classes = {
	};
	objectVersion = 50;
	objects = {

/* Begin PBXBuildFile section */
		6E9522A92639E5480039B20B /* Color-Extension.swift in Sources */ = {isa = PBXBuildFile; fileRef = 6E9522A82639E5480039B20B /* Color-Extension.swift */; };
		CC18E5492639982D00E69D52 /* DailyBudgetApp.swift in Sources */ = {isa = PBXBuildFile; fileRef = CC18E5482639982D00E69D52 /* DailyBudgetApp.swift */; };
		CC18E54B2639982D00E69D52 /* DailyBudgetView.swift in Sources */ = {isa = PBXBuildFile; fileRef = CC18E54A2639982D00E69D52 /* DailyBudgetView.swift */; };
		CC18E54D2639983100E69D52 /* Assets.xcassets in Resources */ = {isa = PBXBuildFile; fileRef = CC18E54C2639983100E69D52 /* Assets.xcassets */; };
		CC18E5502639983100E69D52 /* Preview Assets.xcassets in Resources */ = {isa = PBXBuildFile; fileRef = CC18E54F2639983100E69D52 /* Preview Assets.xcassets */; };
		CC18E55B2639983100E69D52 /* DailyBudgetTests.swift in Sources */ = {isa = PBXBuildFile; fileRef = CC18E55A2639983100E69D52 /* DailyBudgetTests.swift */; };
		CC18E5662639983100E69D52 /* DailyBudgetUITests.swift in Sources */ = {isa = PBXBuildFile; fileRef = CC18E5652639983100E69D52 /* DailyBudgetUITests.swift */; };
		CC18E57426399C7300E69D52 /* View-Extension.swift in Sources */ = {isa = PBXBuildFile; fileRef = CC18E57326399C7300E69D52 /* View-Extension.swift */; };
		CC18E57926399DAA00E69D52 /* DailyBudgetViewModel.swift in Sources */ = {isa = PBXBuildFile; fileRef = CC18E57826399DAA00E69D52 /* DailyBudgetViewModel.swift */; };
/* End PBXBuildFile section */

/* Begin PBXContainerItemProxy section */
		CC18E5572639983100E69D52 /* PBXContainerItemProxy */ = {
			isa = PBXContainerItemProxy;
			containerPortal = CC18E53D2639982D00E69D52 /* Project object */;
			proxyType = 1;
			remoteGlobalIDString = CC18E5442639982D00E69D52;
			remoteInfo = DailyBudget;
		};
		CC18E5622639983100E69D52 /* PBXContainerItemProxy */ = {
			isa = PBXContainerItemProxy;
			containerPortal = CC18E53D2639982D00E69D52 /* Project object */;
			proxyType = 1;
			remoteGlobalIDString = CC18E5442639982D00E69D52;
			remoteInfo = DailyBudget;
		};
/* End PBXContainerItemProxy section */

/* Begin PBXFileReference section */
		6E9522A82639E5480039B20B /* Color-Extension.swift */ = {isa = PBXFileReference; lastKnownFileType = sourcecode.swift; path = "Color-Extension.swift"; sourceTree = "<group>"; };
		CC18E5452639982D00E69D52 /* DailyBudget.app */ = {isa = PBXFileReference; explicitFileType = wrapper.application; includeInIndex = 0; path = DailyBudget.app; sourceTree = BUILT_PRODUCTS_DIR; };
		CC18E5482639982D00E69D52 /* DailyBudgetApp.swift */ = {isa = PBXFileReference; lastKnownFileType = sourcecode.swift; path = DailyBudgetApp.swift; sourceTree = "<group>"; };
		CC18E54A2639982D00E69D52 /* DailyBudgetView.swift */ = {isa = PBXFileReference; lastKnownFileType = sourcecode.swift; path = DailyBudgetView.swift; sourceTree = "<group>"; };
		CC18E54C2639983100E69D52 /* Assets.xcassets */ = {isa = PBXFileReference; lastKnownFileType = folder.assetcatalog; path = Assets.xcassets; sourceTree = "<group>"; };
		CC18E54F2639983100E69D52 /* Preview Assets.xcassets */ = {isa = PBXFileReference; lastKnownFileType = folder.assetcatalog; path = "Preview Assets.xcassets"; sourceTree = "<group>"; };
		CC18E5512639983100E69D52 /* Info.plist */ = {isa = PBXFileReference; lastKnownFileType = text.plist.xml; path = Info.plist; sourceTree = "<group>"; };
		CC18E5562639983100E69D52 /* DailyBudgetTests.xctest */ = {isa = PBXFileReference; explicitFileType = wrapper.cfbundle; includeInIndex = 0; path = DailyBudgetTests.xctest; sourceTree = BUILT_PRODUCTS_DIR; };
		CC18E55A2639983100E69D52 /* DailyBudgetTests.swift */ = {isa = PBXFileReference; lastKnownFileType = sourcecode.swift; path = DailyBudgetTests.swift; sourceTree = "<group>"; };
		CC18E55C2639983100E69D52 /* Info.plist */ = {isa = PBXFileReference; lastKnownFileType = text.plist.xml; path = Info.plist; sourceTree = "<group>"; };
		CC18E5612639983100E69D52 /* DailyBudgetUITests.xctest */ = {isa = PBXFileReference; explicitFileType = wrapper.cfbundle; includeInIndex = 0; path = DailyBudgetUITests.xctest; sourceTree = BUILT_PRODUCTS_DIR; };
		CC18E5652639983100E69D52 /* DailyBudgetUITests.swift */ = {isa = PBXFileReference; lastKnownFileType = sourcecode.swift; path = DailyBudgetUITests.swift; sourceTree = "<group>"; };
		CC18E5672639983100E69D52 /* Info.plist */ = {isa = PBXFileReference; lastKnownFileType = text.plist.xml; path = Info.plist; sourceTree = "<group>"; };
		CC18E57326399C7300E69D52 /* View-Extension.swift */ = {isa = PBXFileReference; lastKnownFileType = sourcecode.swift; path = "View-Extension.swift"; sourceTree = "<group>"; };
		CC18E57826399DAA00E69D52 /* DailyBudgetViewModel.swift */ = {isa = PBXFileReference; lastKnownFileType = sourcecode.swift; path = DailyBudgetViewModel.swift; sourceTree = "<group>"; };
/* End PBXFileReference section */

/* Begin PBXFrameworksBuildPhase section */
		CC18E5422639982D00E69D52 /* Frameworks */ = {
			isa = PBXFrameworksBuildPhase;
			buildActionMask = 2147483647;
			files = (
			);
			runOnlyForDeploymentPostprocessing = 0;
		};
		CC18E5532639983100E69D52 /* Frameworks */ = {
			isa = PBXFrameworksBuildPhase;
			buildActionMask = 2147483647;
			files = (
			);
			runOnlyForDeploymentPostprocessing = 0;
		};
		CC18E55E2639983100E69D52 /* Frameworks */ = {
			isa = PBXFrameworksBuildPhase;
			buildActionMask = 2147483647;
			files = (
			);
			runOnlyForDeploymentPostprocessing = 0;
		};
/* End PBXFrameworksBuildPhase section */

/* Begin PBXGroup section */
		6E9522A02639DFD60039B20B /* SupportingFiles */ = {
			isa = PBXGroup;
			children = (
				CC18E54C2639983100E69D52 /* Assets.xcassets */,
			);
			path = SupportingFiles;
			sourceTree = "<group>";
		};
		6E9522A42639DFEC0039B20B /* AppDelegate */ = {
			isa = PBXGroup;
			children = (
				CC18E5482639982D00E69D52 /* DailyBudgetApp.swift */,
			);
			path = AppDelegate;
			sourceTree = "<group>";
		};
		CC18E53C2639982D00E69D52 = {
			isa = PBXGroup;
			children = (
				CC18E5472639982D00E69D52 /* DailyBudget */,
				CC18E5592639983100E69D52 /* DailyBudgetTests */,
				CC18E5642639983100E69D52 /* DailyBudgetUITests */,
				CC18E5462639982D00E69D52 /* Products */,
			);
			sourceTree = "<group>";
		};
		CC18E5462639982D00E69D52 /* Products */ = {
			isa = PBXGroup;
			children = (
				CC18E5452639982D00E69D52 /* DailyBudget.app */,
				CC18E5562639983100E69D52 /* DailyBudgetTests.xctest */,
				CC18E5612639983100E69D52 /* DailyBudgetUITests.xctest */,
			);
			name = Products;
			sourceTree = "<group>";
		};
		CC18E5472639982D00E69D52 /* DailyBudget */ = {
			isa = PBXGroup;
			children = (
				CC18E5512639983100E69D52 /* Info.plist */,
				6E9522A42639DFEC0039B20B /* AppDelegate */,
				CC18E57526399C7E00E69D52 /* Extensions */,
				CC18E54E2639983100E69D52 /* Preview Content */,
				6E9522A02639DFD60039B20B /* SupportingFiles */,
				CC18E57626399D9500E69D52 /* Views */,
			);
			path = DailyBudget;
			sourceTree = "<group>";
		};
		CC18E54E2639983100E69D52 /* Preview Content */ = {
			isa = PBXGroup;
			children = (
				CC18E54F2639983100E69D52 /* Preview Assets.xcassets */,
			);
			path = "Preview Content";
			sourceTree = "<group>";
		};
		CC18E5592639983100E69D52 /* DailyBudgetTests */ = {
			isa = PBXGroup;
			children = (
				CC18E55A2639983100E69D52 /* DailyBudgetTests.swift */,
				CC18E55C2639983100E69D52 /* Info.plist */,
			);
			path = DailyBudgetTests;
			sourceTree = "<group>";
		};
		CC18E5642639983100E69D52 /* DailyBudgetUITests */ = {
			isa = PBXGroup;
			children = (
				CC18E5652639983100E69D52 /* DailyBudgetUITests.swift */,
				CC18E5672639983100E69D52 /* Info.plist */,
			);
			path = DailyBudgetUITests;
			sourceTree = "<group>";
		};
		CC18E57526399C7E00E69D52 /* Extensions */ = {
			isa = PBXGroup;
			children = (
				CC18E57326399C7300E69D52 /* View-Extension.swift */,
				6E9522A82639E5480039B20B /* Color-Extension.swift */,
			);
			path = Extensions;
			sourceTree = "<group>";
		};
		CC18E57626399D9500E69D52 /* Views */ = {
			isa = PBXGroup;
			children = (
				CC18E57726399D9C00E69D52 /* DailyBudgetView */,
			);
			path = Views;
			sourceTree = "<group>";
		};
		CC18E57726399D9C00E69D52 /* DailyBudgetView */ = {
			isa = PBXGroup;
			children = (
				CC18E54A2639982D00E69D52 /* DailyBudgetView.swift */,
				CC18E57A26399DCA00E69D52 /* ViewModel */,
			);
			path = DailyBudgetView;
			sourceTree = "<group>";
		};
		CC18E57A26399DCA00E69D52 /* ViewModel */ = {
			isa = PBXGroup;
			children = (
				CC18E57826399DAA00E69D52 /* DailyBudgetViewModel.swift */,
			);
			path = ViewModel;
			sourceTree = "<group>";
		};
/* End PBXGroup section */

/* Begin PBXNativeTarget section */
		CC18E5442639982D00E69D52 /* DailyBudget */ = {
			isa = PBXNativeTarget;
			buildConfigurationList = CC18E56A2639983100E69D52 /* Build configuration list for PBXNativeTarget "DailyBudget" */;
			buildPhases = (
				CC18E5412639982D00E69D52 /* Sources */,
				CC18E5422639982D00E69D52 /* Frameworks */,
				CC18E5432639982D00E69D52 /* Resources */,
			);
			buildRules = (
			);
			dependencies = (
			);
			name = DailyBudget;
			productName = DailyBudget;
			productReference = CC18E5452639982D00E69D52 /* DailyBudget.app */;
			productType = "com.apple.product-type.application";
		};
		CC18E5552639983100E69D52 /* DailyBudgetTests */ = {
			isa = PBXNativeTarget;
			buildConfigurationList = CC18E56D2639983100E69D52 /* Build configuration list for PBXNativeTarget "DailyBudgetTests" */;
			buildPhases = (
				CC18E5522639983100E69D52 /* Sources */,
				CC18E5532639983100E69D52 /* Frameworks */,
				CC18E5542639983100E69D52 /* Resources */,
			);
			buildRules = (
			);
			dependencies = (
				CC18E5582639983100E69D52 /* PBXTargetDependency */,
			);
			name = DailyBudgetTests;
			productName = DailyBudgetTests;
			productReference = CC18E5562639983100E69D52 /* DailyBudgetTests.xctest */;
			productType = "com.apple.product-type.bundle.unit-test";
		};
		CC18E5602639983100E69D52 /* DailyBudgetUITests */ = {
			isa = PBXNativeTarget;
			buildConfigurationList = CC18E5702639983100E69D52 /* Build configuration list for PBXNativeTarget "DailyBudgetUITests" */;
			buildPhases = (
				CC18E55D2639983100E69D52 /* Sources */,
				CC18E55E2639983100E69D52 /* Frameworks */,
				CC18E55F2639983100E69D52 /* Resources */,
			);
			buildRules = (
			);
			dependencies = (
				CC18E5632639983100E69D52 /* PBXTargetDependency */,
			);
			name = DailyBudgetUITests;
			productName = DailyBudgetUITests;
			productReference = CC18E5612639983100E69D52 /* DailyBudgetUITests.xctest */;
			productType = "com.apple.product-type.bundle.ui-testing";
		};
/* End PBXNativeTarget section */

/* Begin PBXProject section */
		CC18E53D2639982D00E69D52 /* Project object */ = {
			isa = PBXProject;
			attributes = {
				LastSwiftUpdateCheck = 1250;
				LastUpgradeCheck = 1250;
				TargetAttributes = {
					CC18E5442639982D00E69D52 = {
						CreatedOnToolsVersion = 12.5;
					};
					CC18E5552639983100E69D52 = {
						CreatedOnToolsVersion = 12.5;
						TestTargetID = CC18E5442639982D00E69D52;
					};
					CC18E5602639983100E69D52 = {
						CreatedOnToolsVersion = 12.5;
						TestTargetID = CC18E5442639982D00E69D52;
					};
				};
			};
			buildConfigurationList = CC18E5402639982D00E69D52 /* Build configuration list for PBXProject "DailyBudget" */;
			compatibilityVersion = "Xcode 9.3";
			developmentRegion = en;
			hasScannedForEncodings = 0;
			knownRegions = (
				en,
				Base,
			);
			mainGroup = CC18E53C2639982D00E69D52;
			productRefGroup = CC18E5462639982D00E69D52 /* Products */;
			projectDirPath = "";
			projectRoot = "";
			targets = (
				CC18E5442639982D00E69D52 /* DailyBudget */,
				CC18E5552639983100E69D52 /* DailyBudgetTests */,
				CC18E5602639983100E69D52 /* DailyBudgetUITests */,
			);
		};
/* End PBXProject section */

/* Begin PBXResourcesBuildPhase section */
		CC18E5432639982D00E69D52 /* Resources */ = {
			isa = PBXResourcesBuildPhase;
			buildActionMask = 2147483647;
			files = (
				CC18E5502639983100E69D52 /* Preview Assets.xcassets in Resources */,
				CC18E54D2639983100E69D52 /* Assets.xcassets in Resources */,
			);
			runOnlyForDeploymentPostprocessing = 0;
		};
		CC18E5542639983100E69D52 /* Resources */ = {
			isa = PBXResourcesBuildPhase;
			buildActionMask = 2147483647;
			files = (
			);
			runOnlyForDeploymentPostprocessing = 0;
		};
		CC18E55F2639983100E69D52 /* Resources */ = {
			isa = PBXResourcesBuildPhase;
			buildActionMask = 2147483647;
			files = (
			);
			runOnlyForDeploymentPostprocessing = 0;
		};
/* End PBXResourcesBuildPhase section */

/* Begin PBXSourcesBuildPhase section */
		CC18E5412639982D00E69D52 /* Sources */ = {
			isa = PBXSourcesBuildPhase;
			buildActionMask = 2147483647;
			files = (
				CC18E54B2639982D00E69D52 /* DailyBudgetView.swift in Sources */,
				CC18E5492639982D00E69D52 /* DailyBudgetApp.swift in Sources */,
				CC18E57426399C7300E69D52 /* View-Extension.swift in Sources */,
				6E9522A92639E5480039B20B /* Color-Extension.swift in Sources */,
				CC18E57926399DAA00E69D52 /* DailyBudgetViewModel.swift in Sources */,
			);
			runOnlyForDeploymentPostprocessing = 0;
		};
		CC18E5522639983100E69D52 /* Sources */ = {
			isa = PBXSourcesBuildPhase;
			buildActionMask = 2147483647;
			files = (
				CC18E55B2639983100E69D52 /* DailyBudgetTests.swift in Sources */,
			);
			runOnlyForDeploymentPostprocessing = 0;
		};
		CC18E55D2639983100E69D52 /* Sources */ = {
			isa = PBXSourcesBuildPhase;
			buildActionMask = 2147483647;
			files = (
				CC18E5662639983100E69D52 /* DailyBudgetUITests.swift in Sources */,
			);
			runOnlyForDeploymentPostprocessing = 0;
		};
/* End PBXSourcesBuildPhase section */

/* Begin PBXTargetDependency section */
		CC18E5582639983100E69D52 /* PBXTargetDependency */ = {
			isa = PBXTargetDependency;
			target = CC18E5442639982D00E69D52 /* DailyBudget */;
			targetProxy = CC18E5572639983100E69D52 /* PBXContainerItemProxy */;
		};
		CC18E5632639983100E69D52 /* PBXTargetDependency */ = {
			isa = PBXTargetDependency;
			target = CC18E5442639982D00E69D52 /* DailyBudget */;
			targetProxy = CC18E5622639983100E69D52 /* PBXContainerItemProxy */;
		};
/* End PBXTargetDependency section */

/* Begin XCBuildConfiguration section */
		CC18E5682639983100E69D52 /* Debug */ = {
			isa = XCBuildConfiguration;
			buildSettings = {
				ALWAYS_SEARCH_USER_PATHS = NO;
				CLANG_ANALYZER_NONNULL = YES;
				CLANG_ANALYZER_NUMBER_OBJECT_CONVERSION = YES_AGGRESSIVE;
				CLANG_CXX_LANGUAGE_STANDARD = "gnu++14";
				CLANG_CXX_LIBRARY = "libc++";
				CLANG_ENABLE_MODULES = YES;
				CLANG_ENABLE_OBJC_ARC = YES;
				CLANG_ENABLE_OBJC_WEAK = YES;
				CLANG_WARN_BLOCK_CAPTURE_AUTORELEASING = YES;
				CLANG_WARN_BOOL_CONVERSION = YES;
				CLANG_WARN_COMMA = YES;
				CLANG_WARN_CONSTANT_CONVERSION = YES;
				CLANG_WARN_DEPRECATED_OBJC_IMPLEMENTATIONS = YES;
				CLANG_WARN_DIRECT_OBJC_ISA_USAGE = YES_ERROR;
				CLANG_WARN_DOCUMENTATION_COMMENTS = YES;
				CLANG_WARN_EMPTY_BODY = YES;
				CLANG_WARN_ENUM_CONVERSION = YES;
				CLANG_WARN_INFINITE_RECURSION = YES;
				CLANG_WARN_INT_CONVERSION = YES;
				CLANG_WARN_NON_LITERAL_NULL_CONVERSION = YES;
				CLANG_WARN_OBJC_IMPLICIT_RETAIN_SELF = YES;
				CLANG_WARN_OBJC_LITERAL_CONVERSION = YES;
				CLANG_WARN_OBJC_ROOT_CLASS = YES_ERROR;
				CLANG_WARN_QUOTED_INCLUDE_IN_FRAMEWORK_HEADER = YES;
				CLANG_WARN_RANGE_LOOP_ANALYSIS = YES;
				CLANG_WARN_STRICT_PROTOTYPES = YES;
				CLANG_WARN_SUSPICIOUS_MOVE = YES;
				CLANG_WARN_UNGUARDED_AVAILABILITY = YES_AGGRESSIVE;
				CLANG_WARN_UNREACHABLE_CODE = YES;
				CLANG_WARN__DUPLICATE_METHOD_MATCH = YES;
				COPY_PHASE_STRIP = NO;
				DEBUG_INFORMATION_FORMAT = dwarf;
				ENABLE_STRICT_OBJC_MSGSEND = YES;
				ENABLE_TESTABILITY = YES;
				GCC_C_LANGUAGE_STANDARD = gnu11;
				GCC_DYNAMIC_NO_PIC = NO;
				GCC_NO_COMMON_BLOCKS = YES;
				GCC_OPTIMIZATION_LEVEL = 0;
				GCC_PREPROCESSOR_DEFINITIONS = (
					"DEBUG=1",
					"$(inherited)",
				);
				GCC_WARN_64_TO_32_BIT_CONVERSION = YES;
				GCC_WARN_ABOUT_RETURN_TYPE = YES_ERROR;
				GCC_WARN_UNDECLARED_SELECTOR = YES;
				GCC_WARN_UNINITIALIZED_AUTOS = YES_AGGRESSIVE;
				GCC_WARN_UNUSED_FUNCTION = YES;
				GCC_WARN_UNUSED_VARIABLE = YES;
				IPHONEOS_DEPLOYMENT_TARGET = 14.5;
				MTL_ENABLE_DEBUG_INFO = INCLUDE_SOURCE;
				MTL_FAST_MATH = YES;
				ONLY_ACTIVE_ARCH = YES;
				SDKROOT = iphoneos;
				SWIFT_ACTIVE_COMPILATION_CONDITIONS = DEBUG;
				SWIFT_OPTIMIZATION_LEVEL = "-Onone";
			};
			name = Debug;
		};
		CC18E5692639983100E69D52 /* Release */ = {
			isa = XCBuildConfiguration;
			buildSettings = {
				ALWAYS_SEARCH_USER_PATHS = NO;
				CLANG_ANALYZER_NONNULL = YES;
				CLANG_ANALYZER_NUMBER_OBJECT_CONVERSION = YES_AGGRESSIVE;
				CLANG_CXX_LANGUAGE_STANDARD = "gnu++14";
				CLANG_CXX_LIBRARY = "libc++";
				CLANG_ENABLE_MODULES = YES;
				CLANG_ENABLE_OBJC_ARC = YES;
				CLANG_ENABLE_OBJC_WEAK = YES;
				CLANG_WARN_BLOCK_CAPTURE_AUTORELEASING = YES;
				CLANG_WARN_BOOL_CONVERSION = YES;
				CLANG_WARN_COMMA = YES;
				CLANG_WARN_CONSTANT_CONVERSION = YES;
				CLANG_WARN_DEPRECATED_OBJC_IMPLEMENTATIONS = YES;
				CLANG_WARN_DIRECT_OBJC_ISA_USAGE = YES_ERROR;
				CLANG_WARN_DOCUMENTATION_COMMENTS = YES;
				CLANG_WARN_EMPTY_BODY = YES;
				CLANG_WARN_ENUM_CONVERSION = YES;
				CLANG_WARN_INFINITE_RECURSION = YES;
				CLANG_WARN_INT_CONVERSION = YES;
				CLANG_WARN_NON_LITERAL_NULL_CONVERSION = YES;
				CLANG_WARN_OBJC_IMPLICIT_RETAIN_SELF = YES;
				CLANG_WARN_OBJC_LITERAL_CONVERSION = YES;
				CLANG_WARN_OBJC_ROOT_CLASS = YES_ERROR;
				CLANG_WARN_QUOTED_INCLUDE_IN_FRAMEWORK_HEADER = YES;
				CLANG_WARN_RANGE_LOOP_ANALYSIS = YES;
				CLANG_WARN_STRICT_PROTOTYPES = YES;
				CLANG_WARN_SUSPICIOUS_MOVE = YES;
				CLANG_WARN_UNGUARDED_AVAILABILITY = YES_AGGRESSIVE;
				CLANG_WARN_UNREACHABLE_CODE = YES;
				CLANG_WARN__DUPLICATE_METHOD_MATCH = YES;
				COPY_PHASE_STRIP = NO;
				DEBUG_INFORMATION_FORMAT = "dwarf-with-dsym";
				ENABLE_NS_ASSERTIONS = NO;
				ENABLE_STRICT_OBJC_MSGSEND = YES;
				GCC_C_LANGUAGE_STANDARD = gnu11;
				GCC_NO_COMMON_BLOCKS = YES;
				GCC_WARN_64_TO_32_BIT_CONVERSION = YES;
				GCC_WARN_ABOUT_RETURN_TYPE = YES_ERROR;
				GCC_WARN_UNDECLARED_SELECTOR = YES;
				GCC_WARN_UNINITIALIZED_AUTOS = YES_AGGRESSIVE;
				GCC_WARN_UNUSED_FUNCTION = YES;
				GCC_WARN_UNUSED_VARIABLE = YES;
				IPHONEOS_DEPLOYMENT_TARGET = 14.5;
				MTL_ENABLE_DEBUG_INFO = NO;
				MTL_FAST_MATH = YES;
				SDKROOT = iphoneos;
				SWIFT_COMPILATION_MODE = wholemodule;
				SWIFT_OPTIMIZATION_LEVEL = "-O";
				VALIDATE_PRODUCT = YES;
			};
			name = Release;
		};
		CC18E56B2639983100E69D52 /* Debug */ = {
			isa = XCBuildConfiguration;
			buildSettings = {
				ASSETCATALOG_COMPILER_APPICON_NAME = AppIcon;
				ASSETCATALOG_COMPILER_GLOBAL_ACCENT_COLOR_NAME = AccentColor;
				CODE_SIGN_STYLE = Automatic;
				DEVELOPMENT_ASSET_PATHS = "\"DailyBudget/Preview Content\"";
				DEVELOPMENT_TEAM = QDUTEX33CU;
				ENABLE_PREVIEWS = YES;
				INFOPLIST_FILE = DailyBudget/Info.plist;
				IPHONEOS_DEPLOYMENT_TARGET = 14.0;
				LD_RUNPATH_SEARCH_PATHS = (
					"$(inherited)",
					"@executable_path/Frameworks",
				);
				PRODUCT_BUNDLE_IDENTIFIER = com.matthiaszarzecki.DailyBudget;
				PRODUCT_NAME = "$(TARGET_NAME)";
				SWIFT_VERSION = 5.0;
				TARGETED_DEVICE_FAMILY = "1,2";
			};
			name = Debug;
		};
		CC18E56C2639983100E69D52 /* Release */ = {
			isa = XCBuildConfiguration;
			buildSettings = {
				ASSETCATALOG_COMPILER_APPICON_NAME = AppIcon;
				ASSETCATALOG_COMPILER_GLOBAL_ACCENT_COLOR_NAME = AccentColor;
				CODE_SIGN_STYLE = Automatic;
				DEVELOPMENT_ASSET_PATHS = "\"DailyBudget/Preview Content\"";
				DEVELOPMENT_TEAM = QDUTEX33CU;
				ENABLE_PREVIEWS = YES;
				INFOPLIST_FILE = DailyBudget/Info.plist;
				IPHONEOS_DEPLOYMENT_TARGET = 14.0;
				LD_RUNPATH_SEARCH_PATHS = (
					"$(inherited)",
					"@executable_path/Frameworks",
				);
				PRODUCT_BUNDLE_IDENTIFIER = com.matthiaszarzecki.DailyBudget;
				PRODUCT_NAME = "$(TARGET_NAME)";
				SWIFT_VERSION = 5.0;
				TARGETED_DEVICE_FAMILY = "1,2";
			};
			name = Release;
		};
		CC18E56E2639983100E69D52 /* Debug */ = {
			isa = XCBuildConfiguration;
			buildSettings = {
				ALWAYS_EMBED_SWIFT_STANDARD_LIBRARIES = YES;
				BUNDLE_LOADER = "$(TEST_HOST)";
				CODE_SIGN_STYLE = Automatic;
				DEVELOPMENT_TEAM = QDUTEX33CU;
				INFOPLIST_FILE = DailyBudgetTests/Info.plist;
				IPHONEOS_DEPLOYMENT_TARGET = 14.0;
				LD_RUNPATH_SEARCH_PATHS = (
					"$(inherited)",
					"@executable_path/Frameworks",
					"@loader_path/Frameworks",
				);
				PRODUCT_BUNDLE_IDENTIFIER = com.matthiaszarzecki.DailyBudgetTests;
				PRODUCT_NAME = "$(TARGET_NAME)";
				SWIFT_VERSION = 5.0;
				TARGETED_DEVICE_FAMILY = "1,2";
				TEST_HOST = "$(BUILT_PRODUCTS_DIR)/DailyBudget.app/DailyBudget";
			};
			name = Debug;
		};
		CC18E56F2639983100E69D52 /* Release */ = {
			isa = XCBuildConfiguration;
			buildSettings = {
				ALWAYS_EMBED_SWIFT_STANDARD_LIBRARIES = YES;
				BUNDLE_LOADER = "$(TEST_HOST)";
				CODE_SIGN_STYLE = Automatic;
				DEVELOPMENT_TEAM = QDUTEX33CU;
				INFOPLIST_FILE = DailyBudgetTests/Info.plist;
				IPHONEOS_DEPLOYMENT_TARGET = 14.0;
				LD_RUNPATH_SEARCH_PATHS = (
					"$(inherited)",
					"@executable_path/Frameworks",
					"@loader_path/Frameworks",
				);
				PRODUCT_BUNDLE_IDENTIFIER = com.matthiaszarzecki.DailyBudgetTests;
				PRODUCT_NAME = "$(TARGET_NAME)";
				SWIFT_VERSION = 5.0;
				TARGETED_DEVICE_FAMILY = "1,2";
				TEST_HOST = "$(BUILT_PRODUCTS_DIR)/DailyBudget.app/DailyBudget";
			};
			name = Release;
		};
		CC18E5712639983100E69D52 /* Debug */ = {
			isa = XCBuildConfiguration;
			buildSettings = {
				ALWAYS_EMBED_SWIFT_STANDARD_LIBRARIES = YES;
				CODE_SIGN_STYLE = Automatic;
				DEVELOPMENT_TEAM = QDUTEX33CU;
				INFOPLIST_FILE = DailyBudgetUITests/Info.plist;
				LD_RUNPATH_SEARCH_PATHS = (
					"$(inherited)",
					"@executable_path/Frameworks",
					"@loader_path/Frameworks",
				);
				PRODUCT_BUNDLE_IDENTIFIER = com.matthiaszarzecki.DailyBudgetUITests;
				PRODUCT_NAME = "$(TARGET_NAME)";
				SWIFT_VERSION = 5.0;
				TARGETED_DEVICE_FAMILY = "1,2";
				TEST_TARGET_NAME = DailyBudget;
			};
			name = Debug;
		};
		CC18E5722639983100E69D52 /* Release */ = {
			isa = XCBuildConfiguration;
			buildSettings = {
				ALWAYS_EMBED_SWIFT_STANDARD_LIBRARIES = YES;
				CODE_SIGN_STYLE = Automatic;
				DEVELOPMENT_TEAM = QDUTEX33CU;
				INFOPLIST_FILE = DailyBudgetUITests/Info.plist;
				LD_RUNPATH_SEARCH_PATHS = (
					"$(inherited)",
					"@executable_path/Frameworks",
					"@loader_path/Frameworks",
				);
				PRODUCT_BUNDLE_IDENTIFIER = com.matthiaszarzecki.DailyBudgetUITests;
				PRODUCT_NAME = "$(TARGET_NAME)";
				SWIFT_VERSION = 5.0;
				TARGETED_DEVICE_FAMILY = "1,2";
				TEST_TARGET_NAME = DailyBudget;
			};
			name = Release;
		};
/* End XCBuildConfiguration section */

/* Begin XCConfigurationList section */
		CC18E5402639982D00E69D52 /* Build configuration list for PBXProject "DailyBudget" */ = {
			isa = XCConfigurationList;
			buildConfigurations = (
				CC18E5682639983100E69D52 /* Debug */,
				CC18E5692639983100E69D52 /* Release */,
			);
			defaultConfigurationIsVisible = 0;
			defaultConfigurationName = Release;
		};
		CC18E56A2639983100E69D52 /* Build configuration list for PBXNativeTarget "DailyBudget" */ = {
			isa = XCConfigurationList;
			buildConfigurations = (
				CC18E56B2639983100E69D52 /* Debug */,
				CC18E56C2639983100E69D52 /* Release */,
			);
			defaultConfigurationIsVisible = 0;
			defaultConfigurationName = Release;
		};
		CC18E56D2639983100E69D52 /* Build configuration list for PBXNativeTarget "DailyBudgetTests" */ = {
			isa = XCConfigurationList;
			buildConfigurations = (
				CC18E56E2639983100E69D52 /* Debug */,
				CC18E56F2639983100E69D52 /* Release */,
			);
			defaultConfigurationIsVisible = 0;
			defaultConfigurationName = Release;
		};
		CC18E5702639983100E69D52 /* Build configuration list for PBXNativeTarget "DailyBudgetUITests" */ = {
			isa = XCConfigurationList;
			buildConfigurations = (
				CC18E5712639983100E69D52 /* Debug */,
				CC18E5722639983100E69D52 /* Release */,
			);
			defaultConfigurationIsVisible = 0;
			defaultConfigurationName = Release;
		};
/* End XCConfigurationList section */
	};
	rootObject = CC18E53D2639982D00E69D52 /* Project object */;
}
